
Microsoft Visual Studio Solution File, Format Version 12.00
# Visual Studio Version 17
VisualStudioVersion = 17.1.32421.90
MinimumVisualStudioVersion = 10.0.40219.1
Project("{FAE04EC0-301F-11D3-BF4B-00C04F79EFBC}") = "Chess", "Chess\Chess.csproj", "{172DABD1-BA6F-40B8-ACB6-27F3FBD602BF}"
EndProject
Global
	GlobalSection(SolutionConfigurationPlatforms) = preSolution
		Debug|Any CPU = Debug|Any CPU
		Release|Any CPU = Release|Any CPU
	EndGlobalSection
	GlobalSection(ProjectConfigurationPlatforms) = postSolution
		{172DABD1-BA6F-40B8-ACB6-27F3FBD602BF}.Debug|Any CPU.ActiveCfg = Debug|Any CPU
		{172DABD1-BA6F-40B8-ACB6-27F3FBD602BF}.Debug|Any CPU.Build.0 = Debug|Any CPU
		{172DABD1-BA6F-40B8-ACB6-27F3FBD602BF}.Release|Any CPU.ActiveCfg = Release|Any CPU
		{172DABD1-BA6F-40B8-ACB6-27F3FBD602BF}.Release|Any CPU.Build.0 = Release|Any CPU
	EndGlobalSection
	GlobalSection(SolutionProperties) = preSolution
		HideSolutionNode = FALSE
	EndGlobalSection
	GlobalSection(ExtensibilityGlobals) = postSolution
		SolutionGuid = {8068D715-A358-4B05-B894-0CEB18580D45}
	EndGlobalSection
EndGlobal
